// !$*UTF8*$!
{
	archiveVersion = 1;
	classes = {
	};
	objectVersion = 50;
	objects = {

/* Begin PBXBuildFile section */
		3C77F855221F052300905D25 /* AppDelegate.swift in Sources */ = {isa = PBXBuildFile; fileRef = 3C77F854221F052300905D25 /* AppDelegate.swift */; };
		3C77F860221F052300905D25 /* Main.storyboard in Resources */ = {isa = PBXBuildFile; fileRef = 3C77F85E221F052300905D25 /* Main.storyboard */; };
		3C77F862221F052500905D25 /* Assets.xcassets in Resources */ = {isa = PBXBuildFile; fileRef = 3C77F861221F052500905D25 /* Assets.xcassets */; };
		3C77F865221F052500905D25 /* LaunchScreen.storyboard in Resources */ = {isa = PBXBuildFile; fileRef = 3C77F863221F052500905D25 /* LaunchScreen.storyboard */; };
		3C77F874221F054000905D25 /* InputController.swift in Sources */ = {isa = PBXBuildFile; fileRef = 3C77F86C221F053F00905D25 /* InputController.swift */; };
		3C77F875221F054000905D25 /* CGPoint+Extensions.swift in Sources */ = {isa = PBXBuildFile; fileRef = 3C77F86D221F053F00905D25 /* CGPoint+Extensions.swift */; };
		3C77F876221F054000905D25 /* VirtualButton.swift in Sources */ = {isa = PBXBuildFile; fileRef = 3C77F86E221F053F00905D25 /* VirtualButton.swift */; };
		3C77F877221F054000905D25 /* GameScene.swift in Sources */ = {isa = PBXBuildFile; fileRef = 3C77F86F221F053F00905D25 /* GameScene.swift */; };
		3C77F878221F054000905D25 /* CGVector+Extensions.swift in Sources */ = {isa = PBXBuildFile; fileRef = 3C77F870221F053F00905D25 /* CGVector+Extensions.swift */; };
		3C77F879221F054000905D25 /* Player.swift in Sources */ = {isa = PBXBuildFile; fileRef = 3C77F871221F053F00905D25 /* Player.swift */; };
		3C77F87A221F054000905D25 /* GameViewController.swift in Sources */ = {isa = PBXBuildFile; fileRef = 3C77F872221F053F00905D25 /* GameViewController.swift */; };
		3C77F87B221F054000905D25 /* Updatable.swift in Sources */ = {isa = PBXBuildFile; fileRef = 3C77F873221F053F00905D25 /* Updatable.swift */; };
		3C77F88122206E0300905D25 /* PhysicsDetection.swift in Sources */ = {isa = PBXBuildFile; fileRef = 3C77F88022206E0300905D25 /* PhysicsDetection.swift */; };
		3C77F88D2225743C00905D25 /* Joystick.swift in Sources */ = {isa = PBXBuildFile; fileRef = 3C77F8892225743C00905D25 /* Joystick.swift */; };
		3C77F89322257BC700905D25 /* MoveControllable.swift in Sources */ = {isa = PBXBuildFile; fileRef = 3C77F89022257BC700905D25 /* MoveControllable.swift */; };
		3C77F89422257BC700905D25 /* RotateControllable.swift in Sources */ = {isa = PBXBuildFile; fileRef = 3C77F89122257BC700905D25 /* RotateControllable.swift */; };
		3C77F89522257BC700905D25 /* Controllable2D.swift in Sources */ = {isa = PBXBuildFile; fileRef = 3C77F89222257BC700905D25 /* Controllable2D.swift */; };
		3CE562742229D6E0006E1B51 /* Platform.swift in Sources */ = {isa = PBXBuildFile; fileRef = 3CE562732229D6E0006E1B51 /* Platform.swift */; };
		ECFA3F03222718BF007E846E /* CGSize+Extensions.swift in Sources */ = {isa = PBXBuildFile; fileRef = ECFA3F02222718BF007E846E /* CGSize+Extensions.swift */; };
		ECFA3F0922271903007E846E /* CGFloat+Extensions.swift in Sources */ = {isa = PBXBuildFile; fileRef = ECFA3F0422271903007E846E /* CGFloat+Extensions.swift */; };
		ECFA3F0A22271903007E846E /* Pool.swift in Sources */ = {isa = PBXBuildFile; fileRef = ECFA3F0522271903007E846E /* Pool.swift */; };
		ECFA3F0B22271903007E846E /* Arm.swift in Sources */ = {isa = PBXBuildFile; fileRef = ECFA3F0622271903007E846E /* Arm.swift */; };
		ECFA3F0C22271903007E846E /* Sword.swift in Sources */ = {isa = PBXBuildFile; fileRef = ECFA3F0722271903007E846E /* Sword.swift */; };
		ECFA3F0D22271903007E846E /* PhysicsDetection2.swift in Sources */ = {isa = PBXBuildFile; fileRef = ECFA3F0822271903007E846E /* PhysicsDetection2.swift */; };
		ECFA3F0F22271915007E846E /* Player2.swift in Sources */ = {isa = PBXBuildFile; fileRef = ECFA3F0E22271915007E846E /* Player2.swift */; };
		ECFA3F112227192F007E846E /* GameScene2.swift in Sources */ = {isa = PBXBuildFile; fileRef = ECFA3F102227192F007E846E /* GameScene2.swift */; };
/* End PBXBuildFile section */

/* Begin PBXFileReference section */
		3C77F851221F052300905D25 /* aa.app */ = {isa = PBXFileReference; explicitFileType = wrapper.application; includeInIndex = 0; path = aa.app; sourceTree = BUILT_PRODUCTS_DIR; };
		3C77F854221F052300905D25 /* AppDelegate.swift */ = {isa = PBXFileReference; lastKnownFileType = sourcecode.swift; path = AppDelegate.swift; sourceTree = "<group>"; };
		3C77F85F221F052300905D25 /* Base */ = {isa = PBXFileReference; lastKnownFileType = file.storyboard; name = Base; path = Base.lproj/Main.storyboard; sourceTree = "<group>"; };
		3C77F861221F052500905D25 /* Assets.xcassets */ = {isa = PBXFileReference; lastKnownFileType = folder.assetcatalog; path = Assets.xcassets; sourceTree = "<group>"; };
		3C77F864221F052500905D25 /* Base */ = {isa = PBXFileReference; lastKnownFileType = file.storyboard; name = Base; path = Base.lproj/LaunchScreen.storyboard; sourceTree = "<group>"; };
		3C77F866221F052500905D25 /* Info.plist */ = {isa = PBXFileReference; lastKnownFileType = text.plist.xml; path = Info.plist; sourceTree = "<group>"; };
		3C77F86C221F053F00905D25 /* InputController.swift */ = {isa = PBXFileReference; fileEncoding = 4; lastKnownFileType = sourcecode.swift; path = InputController.swift; sourceTree = "<group>"; };
		3C77F86D221F053F00905D25 /* CGPoint+Extensions.swift */ = {isa = PBXFileReference; fileEncoding = 4; lastKnownFileType = sourcecode.swift; path = "CGPoint+Extensions.swift"; sourceTree = "<group>"; };
		3C77F86E221F053F00905D25 /* VirtualButton.swift */ = {isa = PBXFileReference; fileEncoding = 4; lastKnownFileType = sourcecode.swift; path = VirtualButton.swift; sourceTree = "<group>"; };
		3C77F86F221F053F00905D25 /* GameScene.swift */ = {isa = PBXFileReference; fileEncoding = 4; lastKnownFileType = sourcecode.swift; path = GameScene.swift; sourceTree = "<group>"; };
		3C77F870221F053F00905D25 /* CGVector+Extensions.swift */ = {isa = PBXFileReference; fileEncoding = 4; lastKnownFileType = sourcecode.swift; path = "CGVector+Extensions.swift"; sourceTree = "<group>"; };
		3C77F871221F053F00905D25 /* Player.swift */ = {isa = PBXFileReference; fileEncoding = 4; lastKnownFileType = sourcecode.swift; path = Player.swift; sourceTree = "<group>"; };
		3C77F872221F053F00905D25 /* GameViewController.swift */ = {isa = PBXFileReference; fileEncoding = 4; lastKnownFileType = sourcecode.swift; path = GameViewController.swift; sourceTree = "<group>"; };
		3C77F873221F053F00905D25 /* Updatable.swift */ = {isa = PBXFileReference; fileEncoding = 4; lastKnownFileType = sourcecode.swift; path = Updatable.swift; sourceTree = "<group>"; };
		3C77F88022206E0300905D25 /* PhysicsDetection.swift */ = {isa = PBXFileReference; fileEncoding = 4; lastKnownFileType = sourcecode.swift; path = PhysicsDetection.swift; sourceTree = "<group>"; };
		3C77F8892225743C00905D25 /* Joystick.swift */ = {isa = PBXFileReference; fileEncoding = 4; lastKnownFileType = sourcecode.swift; path = Joystick.swift; sourceTree = "<group>"; };
		3C77F89022257BC700905D25 /* MoveControllable.swift */ = {isa = PBXFileReference; fileEncoding = 4; lastKnownFileType = sourcecode.swift; path = MoveControllable.swift; sourceTree = "<group>"; };
		3C77F89122257BC700905D25 /* RotateControllable.swift */ = {isa = PBXFileReference; fileEncoding = 4; lastKnownFileType = sourcecode.swift; path = RotateControllable.swift; sourceTree = "<group>"; };
		3C77F89222257BC700905D25 /* Controllable2D.swift */ = {isa = PBXFileReference; fileEncoding = 4; lastKnownFileType = sourcecode.swift; path = Controllable2D.swift; sourceTree = "<group>"; };
		3CE562732229D6E0006E1B51 /* Platform.swift */ = {isa = PBXFileReference; lastKnownFileType = sourcecode.swift; path = Platform.swift; sourceTree = "<group>"; };
		ECFA3F02222718BF007E846E /* CGSize+Extensions.swift */ = {isa = PBXFileReference; fileEncoding = 4; lastKnownFileType = sourcecode.swift; path = "CGSize+Extensions.swift"; sourceTree = "<group>"; };
		ECFA3F0422271903007E846E /* CGFloat+Extensions.swift */ = {isa = PBXFileReference; fileEncoding = 4; lastKnownFileType = sourcecode.swift; path = "CGFloat+Extensions.swift"; sourceTree = "<group>"; };
		ECFA3F0522271903007E846E /* Pool.swift */ = {isa = PBXFileReference; fileEncoding = 4; lastKnownFileType = sourcecode.swift; path = Pool.swift; sourceTree = "<group>"; };
		ECFA3F0622271903007E846E /* Arm.swift */ = {isa = PBXFileReference; fileEncoding = 4; lastKnownFileType = sourcecode.swift; path = Arm.swift; sourceTree = "<group>"; };
		ECFA3F0722271903007E846E /* Sword.swift */ = {isa = PBXFileReference; fileEncoding = 4; lastKnownFileType = sourcecode.swift; path = Sword.swift; sourceTree = "<group>"; };
		ECFA3F0822271903007E846E /* PhysicsDetection2.swift */ = {isa = PBXFileReference; fileEncoding = 4; lastKnownFileType = sourcecode.swift; path = PhysicsDetection2.swift; sourceTree = "<group>"; };
		ECFA3F0E22271915007E846E /* Player2.swift */ = {isa = PBXFileReference; fileEncoding = 4; lastKnownFileType = sourcecode.swift; path = Player2.swift; sourceTree = "<group>"; };
		ECFA3F102227192F007E846E /* GameScene2.swift */ = {isa = PBXFileReference; fileEncoding = 4; lastKnownFileType = sourcecode.swift; path = GameScene2.swift; sourceTree = "<group>"; };
/* End PBXFileReference section */

/* Begin PBXFrameworksBuildPhase section */
		3C77F84E221F052300905D25 /* Frameworks */ = {
			isa = PBXFrameworksBuildPhase;
			buildActionMask = 2147483647;
			files = (
			);
			runOnlyForDeploymentPostprocessing = 0;
		};
/* End PBXFrameworksBuildPhase section */

/* Begin PBXGroup section */
		3C77F848221F052300905D25 = {
			isa = PBXGroup;
			children = (
				3C77F853221F052300905D25 /* aa */,
				3C77F852221F052300905D25 /* Products */,
				ECFA3F0622271903007E846E /* Arm.swift */,
				ECFA3F0822271903007E846E /* PhysicsDetection2.swift */,
				ECFA3F0522271903007E846E /* Pool.swift */,
				ECFA3F0722271903007E846E /* Sword.swift */,
				ECFA3F0E22271915007E846E /* Player2.swift */,
				ECFA3F102227192F007E846E /* GameScene2.swift */,
			);
			sourceTree = "<group>";
		};
		3C77F852221F052300905D25 /* Products */ = {
			isa = PBXGroup;
			children = (
				3C77F851221F052300905D25 /* aa.app */,
			);
			name = Products;
			sourceTree = "<group>";
		};
		3C77F853221F052300905D25 /* aa */ = {
			isa = PBXGroup;
			children = (
				3C77F886222573BC00905D25 /* Controls */,
				3C77F884222573A600905D25 /* Controller */,
				3C77F8832225739700905D25 /* Scene */,
				3C77F8822225738B00905D25 /* Extensions */,
				3C77F854221F052300905D25 /* AppDelegate.swift */,
				3C77F85E221F052300905D25 /* Main.storyboard */,
				3C77F861221F052500905D25 /* Assets.xcassets */,
				3C77F863221F052500905D25 /* LaunchScreen.storyboard */,
				3C77F866221F052500905D25 /* Info.plist */,
			);
			path = aa;
			sourceTree = "<group>";
		};
		3C77F8822225738B00905D25 /* Extensions */ = {
			isa = PBXGroup;
			children = (
				ECFA3F0422271903007E846E /* CGFloat+Extensions.swift */,
				3C77F86D221F053F00905D25 /* CGPoint+Extensions.swift */,
				3C77F870221F053F00905D25 /* CGVector+Extensions.swift */,
				ECFA3F02222718BF007E846E /* CGSize+Extensions.swift */,
			);
			path = Extensions;
			sourceTree = "<group>";
		};
		3C77F8832225739700905D25 /* Scene */ = {
			isa = PBXGroup;
			children = (
				3C77F88022206E0300905D25 /* PhysicsDetection.swift */,
				3C77F871221F053F00905D25 /* Player.swift */,
				3C77F86F221F053F00905D25 /* GameScene.swift */,
				3C77F873221F053F00905D25 /* Updatable.swift */,
				3CE562732229D6E0006E1B51 /* Platform.swift */,
			);
			path = Scene;
			sourceTree = "<group>";
		};
		3C77F884222573A600905D25 /* Controller */ = {
			isa = PBXGroup;
			children = (
				3C77F872221F053F00905D25 /* GameViewController.swift */,
				3C77F86C221F053F00905D25 /* InputController.swift */,
			);
			path = Controller;
			sourceTree = "<group>";
		};
		3C77F886222573BC00905D25 /* Controls */ = {
			isa = PBXGroup;
			children = (
				3C77F86E221F053F00905D25 /* VirtualButton.swift */,
				3C77F8872225743C00905D25 /* Joystick */,
			);
			path = Controls;
			sourceTree = "<group>";
		};
		3C77F8872225743C00905D25 /* Joystick */ = {
			isa = PBXGroup;
			children = (
				3C77F8892225743C00905D25 /* Joystick.swift */,
				3C77F89222257BC700905D25 /* Controllable2D.swift */,
				3C77F89022257BC700905D25 /* MoveControllable.swift */,
				3C77F89122257BC700905D25 /* RotateControllable.swift */,
			);
			path = Joystick;
			sourceTree = "<group>";
		};
/* End PBXGroup section */

/* Begin PBXNativeTarget section */
		3C77F850221F052300905D25 /* aa */ = {
			isa = PBXNativeTarget;
			buildConfigurationList = 3C77F869221F052500905D25 /* Build configuration list for PBXNativeTarget "aa" */;
			buildPhases = (
				3C77F84D221F052300905D25 /* Sources */,
				3C77F84E221F052300905D25 /* Frameworks */,
				3C77F84F221F052300905D25 /* Resources */,
			);
			buildRules = (
			);
			dependencies = (
			);
			name = aa;
			productName = aa;
			productReference = 3C77F851221F052300905D25 /* aa.app */;
			productType = "com.apple.product-type.application";
		};
/* End PBXNativeTarget section */

/* Begin PBXProject section */
		3C77F849221F052300905D25 /* Project object */ = {
			isa = PBXProject;
			attributes = {
				LastSwiftUpdateCheck = 1010;
				LastUpgradeCheck = 1010;
				ORGANIZATIONNAME = "João Pedro Aragão";
				TargetAttributes = {
					3C77F850221F052300905D25 = {
						CreatedOnToolsVersion = 10.1;
					};
				};
			};
			buildConfigurationList = 3C77F84C221F052300905D25 /* Build configuration list for PBXProject "aa" */;
			compatibilityVersion = "Xcode 9.3";
			developmentRegion = en;
			hasScannedForEncodings = 0;
			knownRegions = (
				en,
				Base,
			);
			mainGroup = 3C77F848221F052300905D25;
			productRefGroup = 3C77F852221F052300905D25 /* Products */;
			projectDirPath = "";
			projectRoot = "";
			targets = (
				3C77F850221F052300905D25 /* aa */,
			);
		};
/* End PBXProject section */

/* Begin PBXResourcesBuildPhase section */
		3C77F84F221F052300905D25 /* Resources */ = {
			isa = PBXResourcesBuildPhase;
			buildActionMask = 2147483647;
			files = (
				3C77F860221F052300905D25 /* Main.storyboard in Resources */,
				3C77F862221F052500905D25 /* Assets.xcassets in Resources */,
				3C77F865221F052500905D25 /* LaunchScreen.storyboard in Resources */,
			);
			runOnlyForDeploymentPostprocessing = 0;
		};
/* End PBXResourcesBuildPhase section */

/* Begin PBXSourcesBuildPhase section */
		3C77F84D221F052300905D25 /* Sources */ = {
			isa = PBXSourcesBuildPhase;
			buildActionMask = 2147483647;
			files = (
				3C77F877221F054000905D25 /* GameScene.swift in Sources */,
				3C77F89422257BC700905D25 /* RotateControllable.swift in Sources */,
				ECFA3F0C22271903007E846E /* Sword.swift in Sources */,
				ECFA3F0B22271903007E846E /* Arm.swift in Sources */,
				ECFA3F0F22271915007E846E /* Player2.swift in Sources */,
				3C77F874221F054000905D25 /* InputController.swift in Sources */,
				3C77F878221F054000905D25 /* CGVector+Extensions.swift in Sources */,
				3C77F87B221F054000905D25 /* Updatable.swift in Sources */,
				3C77F876221F054000905D25 /* VirtualButton.swift in Sources */,
				3CE562742229D6E0006E1B51 /* Platform.swift in Sources */,
				3C77F89322257BC700905D25 /* MoveControllable.swift in Sources */,
				3C77F88122206E0300905D25 /* PhysicsDetection.swift in Sources */,
				3C77F87A221F054000905D25 /* GameViewController.swift in Sources */,
				3C77F879221F054000905D25 /* Player.swift in Sources */,
				3C77F89522257BC700905D25 /* Controllable2D.swift in Sources */,
				3C77F875221F054000905D25 /* CGPoint+Extensions.swift in Sources */,
				3C77F88D2225743C00905D25 /* Joystick.swift in Sources */,
				ECFA3F112227192F007E846E /* GameScene2.swift in Sources */,
				ECFA3F0D22271903007E846E /* PhysicsDetection2.swift in Sources */,
				ECFA3F03222718BF007E846E /* CGSize+Extensions.swift in Sources */,
				ECFA3F0922271903007E846E /* CGFloat+Extensions.swift in Sources */,
				ECFA3F0A22271903007E846E /* Pool.swift in Sources */,
				3C77F855221F052300905D25 /* AppDelegate.swift in Sources */,
			);
			runOnlyForDeploymentPostprocessing = 0;
		};
/* End PBXSourcesBuildPhase section */

/* Begin PBXVariantGroup section */
		3C77F85E221F052300905D25 /* Main.storyboard */ = {
			isa = PBXVariantGroup;
			children = (
				3C77F85F221F052300905D25 /* Base */,
			);
			name = Main.storyboard;
			sourceTree = "<group>";
		};
		3C77F863221F052500905D25 /* LaunchScreen.storyboard */ = {
			isa = PBXVariantGroup;
			children = (
				3C77F864221F052500905D25 /* Base */,
			);
			name = LaunchScreen.storyboard;
			sourceTree = "<group>";
		};
/* End PBXVariantGroup section */

/* Begin XCBuildConfiguration section */
		3C77F867221F052500905D25 /* Debug */ = {
			isa = XCBuildConfiguration;
			buildSettings = {
				ALWAYS_SEARCH_USER_PATHS = NO;
				CLANG_ANALYZER_NONNULL = YES;
				CLANG_ANALYZER_NUMBER_OBJECT_CONVERSION = YES_AGGRESSIVE;
				CLANG_CXX_LANGUAGE_STANDARD = "gnu++14";
				CLANG_CXX_LIBRARY = "libc++";
				CLANG_ENABLE_MODULES = YES;
				CLANG_ENABLE_OBJC_ARC = YES;
				CLANG_ENABLE_OBJC_WEAK = YES;
				CLANG_WARN_BLOCK_CAPTURE_AUTORELEASING = YES;
				CLANG_WARN_BOOL_CONVERSION = YES;
				CLANG_WARN_COMMA = YES;
				CLANG_WARN_CONSTANT_CONVERSION = YES;
				CLANG_WARN_DEPRECATED_OBJC_IMPLEMENTATIONS = YES;
				CLANG_WARN_DIRECT_OBJC_ISA_USAGE = YES_ERROR;
				CLANG_WARN_DOCUMENTATION_COMMENTS = YES;
				CLANG_WARN_EMPTY_BODY = YES;
				CLANG_WARN_ENUM_CONVERSION = YES;
				CLANG_WARN_INFINITE_RECURSION = YES;
				CLANG_WARN_INT_CONVERSION = YES;
				CLANG_WARN_NON_LITERAL_NULL_CONVERSION = YES;
				CLANG_WARN_OBJC_IMPLICIT_RETAIN_SELF = YES;
				CLANG_WARN_OBJC_LITERAL_CONVERSION = YES;
				CLANG_WARN_OBJC_ROOT_CLASS = YES_ERROR;
				CLANG_WARN_RANGE_LOOP_ANALYSIS = YES;
				CLANG_WARN_STRICT_PROTOTYPES = YES;
				CLANG_WARN_SUSPICIOUS_MOVE = YES;
				CLANG_WARN_UNGUARDED_AVAILABILITY = YES_AGGRESSIVE;
				CLANG_WARN_UNREACHABLE_CODE = YES;
				CLANG_WARN__DUPLICATE_METHOD_MATCH = YES;
				CODE_SIGN_IDENTITY = "iPhone Developer";
				COPY_PHASE_STRIP = NO;
				DEBUG_INFORMATION_FORMAT = dwarf;
				ENABLE_STRICT_OBJC_MSGSEND = YES;
				ENABLE_TESTABILITY = YES;
				GCC_C_LANGUAGE_STANDARD = gnu11;
				GCC_DYNAMIC_NO_PIC = NO;
				GCC_NO_COMMON_BLOCKS = YES;
				GCC_OPTIMIZATION_LEVEL = 0;
				GCC_PREPROCESSOR_DEFINITIONS = (
					"DEBUG=1",
					"$(inherited)",
				);
				GCC_WARN_64_TO_32_BIT_CONVERSION = YES;
				GCC_WARN_ABOUT_RETURN_TYPE = YES_ERROR;
				GCC_WARN_UNDECLARED_SELECTOR = YES;
				GCC_WARN_UNINITIALIZED_AUTOS = YES_AGGRESSIVE;
				GCC_WARN_UNUSED_FUNCTION = YES;
				GCC_WARN_UNUSED_VARIABLE = YES;
				IPHONEOS_DEPLOYMENT_TARGET = 12.1;
				MTL_ENABLE_DEBUG_INFO = INCLUDE_SOURCE;
				MTL_FAST_MATH = YES;
				ONLY_ACTIVE_ARCH = YES;
				SDKROOT = iphoneos;
				SWIFT_ACTIVE_COMPILATION_CONDITIONS = DEBUG;
				SWIFT_OPTIMIZATION_LEVEL = "-Onone";
			};
			name = Debug;
		};
		3C77F868221F052500905D25 /* Release */ = {
			isa = XCBuildConfiguration;
			buildSettings = {
				ALWAYS_SEARCH_USER_PATHS = NO;
				CLANG_ANALYZER_NONNULL = YES;
				CLANG_ANALYZER_NUMBER_OBJECT_CONVERSION = YES_AGGRESSIVE;
				CLANG_CXX_LANGUAGE_STANDARD = "gnu++14";
				CLANG_CXX_LIBRARY = "libc++";
				CLANG_ENABLE_MODULES = YES;
				CLANG_ENABLE_OBJC_ARC = YES;
				CLANG_ENABLE_OBJC_WEAK = YES;
				CLANG_WARN_BLOCK_CAPTURE_AUTORELEASING = YES;
				CLANG_WARN_BOOL_CONVERSION = YES;
				CLANG_WARN_COMMA = YES;
				CLANG_WARN_CONSTANT_CONVERSION = YES;
				CLANG_WARN_DEPRECATED_OBJC_IMPLEMENTATIONS = YES;
				CLANG_WARN_DIRECT_OBJC_ISA_USAGE = YES_ERROR;
				CLANG_WARN_DOCUMENTATION_COMMENTS = YES;
				CLANG_WARN_EMPTY_BODY = YES;
				CLANG_WARN_ENUM_CONVERSION = YES;
				CLANG_WARN_INFINITE_RECURSION = YES;
				CLANG_WARN_INT_CONVERSION = YES;
				CLANG_WARN_NON_LITERAL_NULL_CONVERSION = YES;
				CLANG_WARN_OBJC_IMPLICIT_RETAIN_SELF = YES;
				CLANG_WARN_OBJC_LITERAL_CONVERSION = YES;
				CLANG_WARN_OBJC_ROOT_CLASS = YES_ERROR;
				CLANG_WARN_RANGE_LOOP_ANALYSIS = YES;
				CLANG_WARN_STRICT_PROTOTYPES = YES;
				CLANG_WARN_SUSPICIOUS_MOVE = YES;
				CLANG_WARN_UNGUARDED_AVAILABILITY = YES_AGGRESSIVE;
				CLANG_WARN_UNREACHABLE_CODE = YES;
				CLANG_WARN__DUPLICATE_METHOD_MATCH = YES;
				CODE_SIGN_IDENTITY = "iPhone Developer";
				COPY_PHASE_STRIP = NO;
				DEBUG_INFORMATION_FORMAT = "dwarf-with-dsym";
				ENABLE_NS_ASSERTIONS = NO;
				ENABLE_STRICT_OBJC_MSGSEND = YES;
				GCC_C_LANGUAGE_STANDARD = gnu11;
				GCC_NO_COMMON_BLOCKS = YES;
				GCC_WARN_64_TO_32_BIT_CONVERSION = YES;
				GCC_WARN_ABOUT_RETURN_TYPE = YES_ERROR;
				GCC_WARN_UNDECLARED_SELECTOR = YES;
				GCC_WARN_UNINITIALIZED_AUTOS = YES_AGGRESSIVE;
				GCC_WARN_UNUSED_FUNCTION = YES;
				GCC_WARN_UNUSED_VARIABLE = YES;
				IPHONEOS_DEPLOYMENT_TARGET = 12.1;
				MTL_ENABLE_DEBUG_INFO = NO;
				MTL_FAST_MATH = YES;
				SDKROOT = iphoneos;
				SWIFT_COMPILATION_MODE = wholemodule;
				SWIFT_OPTIMIZATION_LEVEL = "-O";
				VALIDATE_PRODUCT = YES;
			};
			name = Release;
		};
		3C77F86A221F052500905D25 /* Debug */ = {
			isa = XCBuildConfiguration;
			buildSettings = {
				ASSETCATALOG_COMPILER_APPICON_NAME = AppIcon;
				CODE_SIGN_STYLE = Automatic;
				DEVELOPMENT_TEAM = 6H6ZL3JRAS;
				INFOPLIST_FILE = aa/Info.plist;
				LD_RUNPATH_SEARCH_PATHS = (
					"$(inherited)",
					"@executable_path/Frameworks",
				);
				PRODUCT_BUNDLE_IDENTIFIER = br.com.jpedroarag.aa;
				PRODUCT_NAME = "$(TARGET_NAME)";
				SWIFT_VERSION = 4.2;
				TARGETED_DEVICE_FAMILY = "1,2";
			};
			name = Debug;
		};
		3C77F86B221F052500905D25 /* Release */ = {
			isa = XCBuildConfiguration;
			buildSettings = {
				ASSETCATALOG_COMPILER_APPICON_NAME = AppIcon;
				CODE_SIGN_STYLE = Automatic;
				DEVELOPMENT_TEAM = 6H6ZL3JRAS;
				INFOPLIST_FILE = aa/Info.plist;
				LD_RUNPATH_SEARCH_PATHS = (
					"$(inherited)",
					"@executable_path/Frameworks",
				);
				PRODUCT_BUNDLE_IDENTIFIER = br.com.jpedroarag.aa;
				PRODUCT_NAME = "$(TARGET_NAME)";
				SWIFT_VERSION = 4.2;
				TARGETED_DEVICE_FAMILY = "1,2";
			};
			name = Release;
		};
/* End XCBuildConfiguration section */

/* Begin XCConfigurationList section */
		3C77F84C221F052300905D25 /* Build configuration list for PBXProject "aa" */ = {
			isa = XCConfigurationList;
			buildConfigurations = (
				3C77F867221F052500905D25 /* Debug */,
				3C77F868221F052500905D25 /* Release */,
			);
			defaultConfigurationIsVisible = 0;
			defaultConfigurationName = Release;
		};
		3C77F869221F052500905D25 /* Build configuration list for PBXNativeTarget "aa" */ = {
			isa = XCConfigurationList;
			buildConfigurations = (
				3C77F86A221F052500905D25 /* Debug */,
				3C77F86B221F052500905D25 /* Release */,
			);
			defaultConfigurationIsVisible = 0;
			defaultConfigurationName = Release;
		};
/* End XCConfigurationList section */
	};
	rootObject = 3C77F849221F052300905D25 /* Project object */;
}
